Microsoft Visual Studio Solution File, Format Version 12.00
# Visual Studio Version 16
VisualStudioVersion = 16.0.33130.400
MinimumVisualStudioVersion = 10.0.40219.1
Project("{9A19103F-16F7-4668-BE54-9A1E7A4F7556}") = "CimCareMod", "CimCareMod\CimCareMod.csproj", "{ADAABE8C-2B0E-41A2-B0E4-27A92F5B099C}"
EndProject
Global
	GlobalSection(SolutionConfigurationPlatforms) = preSolution
		Debug|Any CPU = Debug|Any CPU
		Release|Any CPU = Release|Any CPU
	EndGlobalSection
	GlobalSection(ProjectConfigurationPlatforms) = postSolution
		{ADAABE8C-2B0E-41A2-B0E4-27A92F5B099C}.Debug|Any CPU.ActiveCfg = Debug|Any CPU
		{ADAABE8C-2B0E-41A2-B0E4-27A92F5B099C}.Debug|Any CPU.Build.0 = Debug|Any CPU
		{ADAABE8C-2B0E-41A2-B0E4-27A92F5B099C}.Release|Any CPU.ActiveCfg = Release|Any CPU
		{ADAABE8C-2B0E-41A2-B0E4-27A92F5B099C}.Release|Any CPU.Build.0 = Release|Any CPU
	EndGlobalSection
	GlobalSection(SolutionProperties) = preSolution
		HideSolutionNode = FALSE
	EndGlobalSection
	GlobalSection(ExtensibilityGlobals) = postSolution
		SolutionGuid = {CAA12B6E-A34C-4FF0-8990-C8FDA9018756}
	EndGlobalSection
EndGlobal
